
Microsoft Visual Studio Solution File, Format Version 12.00
# Visual Studio 14
VisualStudioVersion = 14.0.23107.0
MinimumVisualStudioVersion = 10.0.40219.1
Project("{FAE04EC0-301F-11D3-BF4B-00C04F79EFBC}") = "Code.Cake", "Code.Cake\Code.Cake.csproj", "{246BDFF0-AF13-4353-835C-2C39787339BB}"
EndProject
Project("{2150E333-8FDC-42A3-9474-1A3956D46DE8}") = "Solution Items", "Solution Items", "{07994045-D177-4D39-A1DD-82200AC26EF0}"
	ProjectSection(SolutionItems) = preProject
		.gitignore = .gitignore
		Builder\BuildAndPackage.ps1 = Builder\BuildAndPackage.ps1
		Builder\Code.Cake.nuspec = Builder\Code.Cake.nuspec
		LICENSE.txt = LICENSE.txt
		SharedVersion.cs = SharedVersion.cs
	EndProjectSection
EndProject
Global
	GlobalSection(SolutionConfigurationPlatforms) = preSolution
		Debug|Any CPU = Debug|Any CPU
		Release|Any CPU = Release|Any CPU
	EndGlobalSection
	GlobalSection(ProjectConfigurationPlatforms) = postSolution
		{246BDFF0-AF13-4353-835C-2C39787339BB}.Debug|Any CPU.ActiveCfg = Debug|Any CPU
		{246BDFF0-AF13-4353-835C-2C39787339BB}.Debug|Any CPU.Build.0 = Debug|Any CPU
		{246BDFF0-AF13-4353-835C-2C39787339BB}.Release|Any CPU.ActiveCfg = Release|Any CPU
		{246BDFF0-AF13-4353-835C-2C39787339BB}.Release|Any CPU.Build.0 = Release|Any CPU
	EndGlobalSection
	GlobalSection(SolutionProperties) = preSolution
		HideSolutionNode = FALSE
	EndGlobalSection
EndGlobal
